// !$*UTF8*$!
{
	archiveVersion = 1;
	classes = {
	};
	objectVersion = 56;
	objects = {

/* Begin PBXBuildFile section */
		1DC93B6428F46A250078DE16 /* PaginationProjApp.swift in Sources */ = {isa = PBXBuildFile; fileRef = 1DC93B6328F46A250078DE16 /* PaginationProjApp.swift */; };
		1DC93B6628F46A250078DE16 /* TwitsListView.swift in Sources */ = {isa = PBXBuildFile; fileRef = 1DC93B6528F46A250078DE16 /* TwitsListView.swift */; };
		1DC93B6828F46A260078DE16 /* Assets.xcassets in Resources */ = {isa = PBXBuildFile; fileRef = 1DC93B6728F46A260078DE16 /* Assets.xcassets */; };
		1DC93B6B28F46A260078DE16 /* Preview Assets.xcassets in Resources */ = {isa = PBXBuildFile; fileRef = 1DC93B6A28F46A260078DE16 /* Preview Assets.xcassets */; };
		1DC93B7228F46AF90078DE16 /* TwitsStorage.swift in Sources */ = {isa = PBXBuildFile; fileRef = 1DC93B7128F46AF90078DE16 /* TwitsStorage.swift */; };
		1DC93B7428F46B570078DE16 /* Twit.swift in Sources */ = {isa = PBXBuildFile; fileRef = 1DC93B7328F46B570078DE16 /* Twit.swift */; };
		1DC93B7628F46BC50078DE16 /* TwitsViewModel.swift in Sources */ = {isa = PBXBuildFile; fileRef = 1DC93B7528F46BC50078DE16 /* TwitsViewModel.swift */; };
		1DC93B7828F46C930078DE16 /* TwitView.swift in Sources */ = {isa = PBXBuildFile; fileRef = 1DC93B7728F46C930078DE16 /* TwitView.swift */; };
		1DC93B7A28F5C4010078DE16 /* URLComponentsExtension.swift in Sources */ = {isa = PBXBuildFile; fileRef = 1DC93B7928F5C4010078DE16 /* URLComponentsExtension.swift */; };
		1DC93B7C28F5EEBF0078DE16 /* ActivityIndicatorView.swift in Sources */ = {isa = PBXBuildFile; fileRef = 1DC93B7B28F5EEBF0078DE16 /* ActivityIndicatorView.swift */; };
/* End PBXBuildFile section */

/* Begin PBXFileReference section */
		1DC93B6028F46A250078DE16 /* PaginationProj.app */ = {isa = PBXFileReference; explicitFileType = wrapper.application; includeInIndex = 0; path = PaginationProj.app; sourceTree = BUILT_PRODUCTS_DIR; };
		1DC93B6328F46A250078DE16 /* PaginationProjApp.swift */ = {isa = PBXFileReference; lastKnownFileType = sourcecode.swift; path = PaginationProjApp.swift; sourceTree = "<group>"; };
		1DC93B6528F46A250078DE16 /* TwitsListView.swift */ = {isa = PBXFileReference; lastKnownFileType = sourcecode.swift; path = TwitsListView.swift; sourceTree = "<group>"; };
		1DC93B6728F46A260078DE16 /* Assets.xcassets */ = {isa = PBXFileReference; lastKnownFileType = folder.assetcatalog; path = Assets.xcassets; sourceTree = "<group>"; };
		1DC93B6A28F46A260078DE16 /* Preview Assets.xcassets */ = {isa = PBXFileReference; lastKnownFileType = folder.assetcatalog; path = "Preview Assets.xcassets"; sourceTree = "<group>"; };
		1DC93B7128F46AF90078DE16 /* TwitsStorage.swift */ = {isa = PBXFileReference; lastKnownFileType = sourcecode.swift; path = TwitsStorage.swift; sourceTree = "<group>"; };
		1DC93B7328F46B570078DE16 /* Twit.swift */ = {isa = PBXFileReference; lastKnownFileType = sourcecode.swift; path = Twit.swift; sourceTree = "<group>"; };
		1DC93B7528F46BC50078DE16 /* TwitsViewModel.swift */ = {isa = PBXFileReference; lastKnownFileType = sourcecode.swift; path = TwitsViewModel.swift; sourceTree = "<group>"; };
		1DC93B7728F46C930078DE16 /* TwitView.swift */ = {isa = PBXFileReference; lastKnownFileType = sourcecode.swift; path = TwitView.swift; sourceTree = "<group>"; };
		1DC93B7928F5C4010078DE16 /* URLComponentsExtension.swift */ = {isa = PBXFileReference; lastKnownFileType = sourcecode.swift; path = URLComponentsExtension.swift; sourceTree = "<group>"; };
		1DC93B7B28F5EEBF0078DE16 /* ActivityIndicatorView.swift */ = {isa = PBXFileReference; lastKnownFileType = sourcecode.swift; path = ActivityIndicatorView.swift; sourceTree = "<group>"; };
/* End PBXFileReference section */

/* Begin PBXFrameworksBuildPhase section */
		1DC93B5D28F46A250078DE16 /* Frameworks */ = {
			isa = PBXFrameworksBuildPhase;
			buildActionMask = 2147483647;
			files = (
			);
			runOnlyForDeploymentPostprocessing = 0;
		};
/* End PBXFrameworksBuildPhase section */

/* Begin PBXGroup section */
		1DC93B5728F46A250078DE16 = {
			isa = PBXGroup;
			children = (
				1DC93B6228F46A250078DE16 /* PaginationProj */,
				1DC93B6128F46A250078DE16 /* Products */,
			);
			sourceTree = "<group>";
		};
		1DC93B6128F46A250078DE16 /* Products */ = {
			isa = PBXGroup;
			children = (
				1DC93B6028F46A250078DE16 /* PaginationProj.app */,
			);
			name = Products;
			sourceTree = "<group>";
		};
		1DC93B6228F46A250078DE16 /* PaginationProj */ = {
			isa = PBXGroup;
			children = (
				1DC93B6328F46A250078DE16 /* PaginationProjApp.swift */,
				1DC93B6528F46A250078DE16 /* TwitsListView.swift */,
				1DC93B7328F46B570078DE16 /* Twit.swift */,
				1DC93B7528F46BC50078DE16 /* TwitsViewModel.swift */,
				1DC93B7728F46C930078DE16 /* TwitView.swift */,
				1DC93B7128F46AF90078DE16 /* TwitsStorage.swift */,
				1DC93B7928F5C4010078DE16 /* URLComponentsExtension.swift */,
				1DC93B7B28F5EEBF0078DE16 /* ActivityIndicatorView.swift */,
				1DC93B6728F46A260078DE16 /* Assets.xcassets */,
				1DC93B6928F46A260078DE16 /* Preview Content */,
			);
			path = PaginationProj;
			sourceTree = "<group>";
		};
		1DC93B6928F46A260078DE16 /* Preview Content */ = {
			isa = PBXGroup;
			children = (
				1DC93B6A28F46A260078DE16 /* Preview Assets.xcassets */,
			);
			path = "Preview Content";
			sourceTree = "<group>";
		};
/* End PBXGroup section */

/* Begin PBXNativeTarget section */
		1DC93B5F28F46A250078DE16 /* PaginationProj */ = {
			isa = PBXNativeTarget;
			buildConfigurationList = 1DC93B6E28F46A260078DE16 /* Build configuration list for PBXNativeTarget "PaginationProj" */;
			buildPhases = (
				1DC93B5C28F46A250078DE16 /* Sources */,
				1DC93B5D28F46A250078DE16 /* Frameworks */,
				1DC93B5E28F46A250078DE16 /* Resources */,
			);
			buildRules = (
			);
			dependencies = (
			);
			name = PaginationProj;
			productName = PaginationProj;
			productReference = 1DC93B6028F46A250078DE16 /* PaginationProj.app */;
			productType = "com.apple.product-type.application";
		};
/* End PBXNativeTarget section */

/* Begin PBXProject section */
		1DC93B5828F46A250078DE16 /* Project object */ = {
			isa = PBXProject;
			attributes = {
				BuildIndependentTargetsInParallel = 1;
				LastSwiftUpdateCheck = 1400;
				LastUpgradeCheck = 1400;
				TargetAttributes = {
					1DC93B5F28F46A250078DE16 = {
						CreatedOnToolsVersion = 14.0.1;
					};
				};
			};
			buildConfigurationList = 1DC93B5B28F46A250078DE16 /* Build configuration list for PBXProject "PaginationProj" */;
			compatibilityVersion = "Xcode 14.0";
			developmentRegion = en;
			hasScannedForEncodings = 0;
			knownRegions = (
				en,
				Base,
			);
			mainGroup = 1DC93B5728F46A250078DE16;
			productRefGroup = 1DC93B6128F46A250078DE16 /* Products */;
			projectDirPath = "";
			projectRoot = "";
			targets = (
				1DC93B5F28F46A250078DE16 /* PaginationProj */,
			);
		};
/* End PBXProject section */

/* Begin PBXResourcesBuildPhase section */
		1DC93B5E28F46A250078DE16 /* Resources */ = {
			isa = PBXResourcesBuildPhase;
			buildActionMask = 2147483647;
			files = (
				1DC93B6B28F46A260078DE16 /* Preview Assets.xcassets in Resources */,
				1DC93B6828F46A260078DE16 /* Assets.xcassets in Resources */,
			);
			runOnlyForDeploymentPostprocessing = 0;
		};
/* End PBXResourcesBuildPhase section */

/* Begin PBXSourcesBuildPhase section */
		1DC93B5C28F46A250078DE16 /* Sources */ = {
			isa = PBXSourcesBuildPhase;
			buildActionMask = 2147483647;
			files = (
				1DC93B7228F46AF90078DE16 /* TwitsStorage.swift in Sources */,
				1DC93B7428F46B570078DE16 /* Twit.swift in Sources */,
				1DC93B7828F46C930078DE16 /* TwitView.swift in Sources */,
				1DC93B7C28F5EEBF0078DE16 /* ActivityIndicatorView.swift in Sources */,
				1DC93B7A28F5C4010078DE16 /* URLComponentsExtension.swift in Sources */,
				1DC93B6628F46A250078DE16 /* TwitsListView.swift in Sources */,
				1DC93B6428F46A250078DE16 /* PaginationProjApp.swift in Sources */,
				1DC93B7628F46BC50078DE16 /* TwitsViewModel.swift in Sources */,
			);
			runOnlyForDeploymentPostprocessing = 0;
		};
/* End PBXSourcesBuildPhase section */

/* Begin XCBuildConfiguration section */
		1DC93B6C28F46A260078DE16 /* Debug */ = {
			isa = XCBuildConfiguration;
			buildSettings = {
				ALWAYS_SEARCH_USER_PATHS = NO;
				CLANG_ANALYZER_NONNULL = YES;
				CLANG_ANALYZER_NUMBER_OBJECT_CONVERSION = YES_AGGRESSIVE;
				CLANG_CXX_LANGUAGE_STANDARD = "gnu++20";
				CLANG_ENABLE_MODULES = YES;
				CLANG_ENABLE_OBJC_ARC = YES;
				CLANG_ENABLE_OBJC_WEAK = YES;
				CLANG_WARN_BLOCK_CAPTURE_AUTORELEASING = YES;
				CLANG_WARN_BOOL_CONVERSION = YES;
				CLANG_WARN_COMMA = YES;
				CLANG_WARN_CONSTANT_CONVERSION = YES;
				CLANG_WARN_DEPRECATED_OBJC_IMPLEMENTATIONS = YES;
				CLANG_WARN_DIRECT_OBJC_ISA_USAGE = YES_ERROR;
				CLANG_WARN_DOCUMENTATION_COMMENTS = YES;
				CLANG_WARN_EMPTY_BODY = YES;
				CLANG_WARN_ENUM_CONVERSION = YES;
				CLANG_WARN_INFINITE_RECURSION = YES;
				CLANG_WARN_INT_CONVERSION = YES;
				CLANG_WARN_NON_LITERAL_NULL_CONVERSION = YES;
				CLANG_WARN_OBJC_IMPLICIT_RETAIN_SELF = YES;
				CLANG_WARN_OBJC_LITERAL_CONVERSION = YES;
				CLANG_WARN_OBJC_ROOT_CLASS = YES_ERROR;
				CLANG_WARN_QUOTED_INCLUDE_IN_FRAMEWORK_HEADER = YES;
				CLANG_WARN_RANGE_LOOP_ANALYSIS = YES;
				CLANG_WARN_STRICT_PROTOTYPES = YES;
				CLANG_WARN_SUSPICIOUS_MOVE = YES;
				CLANG_WARN_UNGUARDED_AVAILABILITY = YES_AGGRESSIVE;
				CLANG_WARN_UNREACHABLE_CODE = YES;
				CLANG_WARN__DUPLICATE_METHOD_MATCH = YES;
				COPY_PHASE_STRIP = NO;
				DEBUG_INFORMATION_FORMAT = dwarf;
				ENABLE_STRICT_OBJC_MSGSEND = YES;
				ENABLE_TESTABILITY = YES;
				GCC_C_LANGUAGE_STANDARD = gnu11;
				GCC_DYNAMIC_NO_PIC = NO;
				GCC_NO_COMMON_BLOCKS = YES;
				GCC_OPTIMIZATION_LEVEL = 0;
				GCC_PREPROCESSOR_DEFINITIONS = (
					"DEBUG=1",
					"$(inherited)",
				);
				GCC_WARN_64_TO_32_BIT_CONVERSION = YES;
				GCC_WARN_ABOUT_RETURN_TYPE = YES_ERROR;
				GCC_WARN_UNDECLARED_SELECTOR = YES;
				GCC_WARN_UNINITIALIZED_AUTOS = YES_AGGRESSIVE;
				GCC_WARN_UNUSED_FUNCTION = YES;
				GCC_WARN_UNUSED_VARIABLE = YES;
				IPHONEOS_DEPLOYMENT_TARGET = 16.0;
				MTL_ENABLE_DEBUG_INFO = INCLUDE_SOURCE;
				MTL_FAST_MATH = YES;
				ONLY_ACTIVE_ARCH = YES;
				SDKROOT = iphoneos;
				SWIFT_ACTIVE_COMPILATION_CONDITIONS = DEBUG;
				SWIFT_OPTIMIZATION_LEVEL = "-Onone";
			};
			name = Debug;
		};
		1DC93B6D28F46A260078DE16 /* Release */ = {
			isa = XCBuildConfiguration;
			buildSettings = {
				ALWAYS_SEARCH_USER_PATHS = NO;
				CLANG_ANALYZER_NONNULL = YES;
				CLANG_ANALYZER_NUMBER_OBJECT_CONVERSION = YES_AGGRESSIVE;
				CLANG_CXX_LANGUAGE_STANDARD = "gnu++20";
				CLANG_ENABLE_MODULES = YES;
				CLANG_ENABLE_OBJC_ARC = YES;
				CLANG_ENABLE_OBJC_WEAK = YES;
				CLANG_WARN_BLOCK_CAPTURE_AUTORELEASING = YES;
				CLANG_WARN_BOOL_CONVERSION = YES;
				CLANG_WARN_COMMA = YES;
				CLANG_WARN_CONSTANT_CONVERSION = YES;
				CLANG_WARN_DEPRECATED_OBJC_IMPLEMENTATIONS = YES;
				CLANG_WARN_DIRECT_OBJC_ISA_USAGE = YES_ERROR;
				CLANG_WARN_DOCUMENTATION_COMMENTS = YES;
				CLANG_WARN_EMPTY_BODY = YES;
				CLANG_WARN_ENUM_CONVERSION = YES;
				CLANG_WARN_INFINITE_RECURSION = YES;
				CLANG_WARN_INT_CONVERSION = YES;
				CLANG_WARN_NON_LITERAL_NULL_CONVERSION = YES;
				CLANG_WARN_OBJC_IMPLICIT_RETAIN_SELF = YES;
				CLANG_WARN_OBJC_LITERAL_CONVERSION = YES;
				CLANG_WARN_OBJC_ROOT_CLASS = YES_ERROR;
				CLANG_WARN_QUOTED_INCLUDE_IN_FRAMEWORK_HEADER = YES;
				CLANG_WARN_RANGE_LOOP_ANALYSIS = YES;
				CLANG_WARN_STRICT_PROTOTYPES = YES;
				CLANG_WARN_SUSPICIOUS_MOVE = YES;
				CLANG_WARN_UNGUARDED_AVAILABILITY = YES_AGGRESSIVE;
				CLANG_WARN_UNREACHABLE_CODE = YES;
				CLANG_WARN__DUPLICATE_METHOD_MATCH = YES;
				COPY_PHASE_STRIP = NO;
				DEBUG_INFORMATION_FORMAT = "dwarf-with-dsym";
				ENABLE_NS_ASSERTIONS = NO;
				ENABLE_STRICT_OBJC_MSGSEND = YES;
				GCC_C_LANGUAGE_STANDARD = gnu11;
				GCC_NO_COMMON_BLOCKS = YES;
				GCC_WARN_64_TO_32_BIT_CONVERSION = YES;
				GCC_WARN_ABOUT_RETURN_TYPE = YES_ERROR;
				GCC_WARN_UNDECLARED_SELECTOR = YES;
				GCC_WARN_UNINITIALIZED_AUTOS = YES_AGGRESSIVE;
				GCC_WARN_UNUSED_FUNCTION = YES;
				GCC_WARN_UNUSED_VARIABLE = YES;
				IPHONEOS_DEPLOYMENT_TARGET = 16.0;
				MTL_ENABLE_DEBUG_INFO = NO;
				MTL_FAST_MATH = YES;
				SDKROOT = iphoneos;
				SWIFT_COMPILATION_MODE = wholemodule;
				SWIFT_OPTIMIZATION_LEVEL = "-O";
				VALIDATE_PRODUCT = YES;
			};
			name = Release;
		};
		1DC93B6F28F46A260078DE16 /* Debug */ = {
			isa = XCBuildConfiguration;
			buildSettings = {
				ASSETCATALOG_COMPILER_APPICON_NAME = AppIcon;
				ASSETCATALOG_COMPILER_GLOBAL_ACCENT_COLOR_NAME = AccentColor;
				CODE_SIGN_STYLE = Automatic;
				CURRENT_PROJECT_VERSION = 1;
				DEVELOPMENT_ASSET_PATHS = "\"PaginationProj/Preview Content\"";
				DEVELOPMENT_TEAM = CHL34W9FC3;
				ENABLE_PREVIEWS = YES;
				GENERATE_INFOPLIST_FILE = YES;
				INFOPLIST_KEY_UIApplicationSceneManifest_Generation = YES;
				INFOPLIST_KEY_UIApplicationSupportsIndirectInputEvents = YES;
				INFOPLIST_KEY_UILaunchScreen_Generation = YES;
				INFOPLIST_KEY_UISupportedInterfaceOrientations_iPad = "UIInterfaceOrientationPortrait UIInterfaceOrientationPortraitUpsideDown UIInterfaceOrientationLandscapeLeft UIInterfaceOrientationLandscapeRight";
				INFOPLIST_KEY_UISupportedInterfaceOrientations_iPhone = "UIInterfaceOrientationPortrait UIInterfaceOrientationLandscapeLeft UIInterfaceOrientationLandscapeRight";
				IPHONEOS_DEPLOYMENT_TARGET = 14.4;
				LD_RUNPATH_SEARCH_PATHS = (
					"$(inherited)",
					"@executable_path/Frameworks",
				);
				MARKETING_VERSION = 1.0;
				PRODUCT_BUNDLE_IDENTIFIER = hello.PaginationProj;
				PRODUCT_NAME = "$(TARGET_NAME)";
				SWIFT_EMIT_LOC_STRINGS = YES;
				SWIFT_VERSION = 5.0;
				TARGETED_DEVICE_FAMILY = "1,2";
			};
			name = Debug;
		};
		1DC93B7028F46A260078DE16 /* Release */ = {
			isa = XCBuildConfiguration;
			buildSettings = {
				ASSETCATALOG_COMPILER_APPICON_NAME = AppIcon;
				ASSETCATALOG_COMPILER_GLOBAL_ACCENT_COLOR_NAME = AccentColor;
				CODE_SIGN_STYLE = Automatic;
				CURRENT_PROJECT_VERSION = 1;
				DEVELOPMENT_ASSET_PATHS = "\"PaginationProj/Preview Content\"";
				DEVELOPMENT_TEAM = CHL34W9FC3;
				ENABLE_PREVIEWS = YES;
				GENERATE_INFOPLIST_FILE = YES;
				INFOPLIST_KEY_UIApplicationSceneManifest_Generation = YES;
				INFOPLIST_KEY_UIApplicationSupportsIndirectInputEvents = YES;
				INFOPLIST_KEY_UILaunchScreen_Generation = YES;
				INFOPLIST_KEY_UISupportedInterfaceOrientations_iPad = "UIInterfaceOrientationPortrait UIInterfaceOrientationPortraitUpsideDown UIInterfaceOrientationLandscapeLeft UIInterfaceOrientationLandscapeRight";
				INFOPLIST_KEY_UISupportedInterfaceOrientations_iPhone = "UIInterfaceOrientationPortrait UIInterfaceOrientationLandscapeLeft UIInterfaceOrientationLandscapeRight";
				IPHONEOS_DEPLOYMENT_TARGET = 14.4;
				LD_RUNPATH_SEARCH_PATHS = (
					"$(inherited)",
					"@executable_path/Frameworks",
				);
				MARKETING_VERSION = 1.0;
				PRODUCT_BUNDLE_IDENTIFIER = hello.PaginationProj;
				PRODUCT_NAME = "$(TARGET_NAME)";
				SWIFT_EMIT_LOC_STRINGS = YES;
				SWIFT_VERSION = 5.0;
				TARGETED_DEVICE_FAMILY = "1,2";
			};
			name = Release;
		};
/* End XCBuildConfiguration section */

/* Begin XCConfigurationList section */
		1DC93B5B28F46A250078DE16 /* Build configuration list for PBXProject "PaginationProj" */ = {
			isa = XCConfigurationList;
			buildConfigurations = (
				1DC93B6C28F46A260078DE16 /* Debug */,
				1DC93B6D28F46A260078DE16 /* Release */,
			);
			defaultConfigurationIsVisible = 0;
			defaultConfigurationName = Release;
		};
		1DC93B6E28F46A260078DE16 /* Build configuration list for PBXNativeTarget "PaginationProj" */ = {
			isa = XCConfigurationList;
			buildConfigurations = (
				1DC93B6F28F46A260078DE16 /* Debug */,
				1DC93B7028F46A260078DE16 /* Release */,
			);
			defaultConfigurationIsVisible = 0;
			defaultConfigurationName = Release;
		};
/* End XCConfigurationList section */
	};
	rootObject = 1DC93B5828F46A250078DE16 /* Project object */;
}
